
Microsoft Visual Studio Solution File, Format Version 12.00
# Visual Studio Version 17
VisualStudioVersion = 17.8.34330.188
MinimumVisualStudioVersion = 10.0.40219.1
Project("{FAE04EC0-301F-11D3-BF4B-00C04F79EFBC}") = "scratchcards", "scratchcards.csproj", "{F3108095-A598-4E7A-AFDB-62B41816374B}"
EndProject
Global
	GlobalSection(SolutionConfigurationPlatforms) = preSolution
		Debug|Any CPU = Debug|Any CPU
		Release|Any CPU = Release|Any CPU
	EndGlobalSection
	GlobalSection(ProjectConfigurationPlatforms) = postSolution
		{F3108095-A598-4E7A-AFDB-62B41816374B}.Debug|Any CPU.ActiveCfg = Debug|Any CPU
		{F3108095-A598-4E7A-AFDB-62B41816374B}.Debug|Any CPU.Build.0 = Debug|Any CPU
		{F3108095-A598-4E7A-AFDB-62B41816374B}.Release|Any CPU.ActiveCfg = Release|Any CPU
		{F3108095-A598-4E7A-AFDB-62B41816374B}.Release|Any CPU.Build.0 = Release|Any CPU
	EndGlobalSection
	GlobalSection(SolutionProperties) = preSolution
		HideSolutionNode = FALSE
	EndGlobalSection
	GlobalSection(ExtensibilityGlobals) = postSolution
		SolutionGuid = {5EF9EB4C-4154-4E7A-A528-3E3DDBD001C3}
	EndGlobalSection
EndGlobal
